
Microsoft Visual Studio Solution File, Format Version 12.00
# Visual Studio Version 17
VisualStudioVersion = 17.13.35818.85
MinimumVisualStudioVersion = 10.0.40219.1
Project("{FAE04EC0-301F-11D3-BF4B-00C04F79EFBC}") = "PetPartner.Domain", "src\Backend\PetPartner.Domain\PetPartner.Domain.csproj", "{F1E49D8B-CA8F-4601-A224-5474DCB1899D}"
EndProject
Project("{2150E333-8FDC-42A3-9474-1A3956D46DE8}") = "src", "src", "{02EA681E-C7D8-13C7-8484-4AC65E1B71E8}"
EndProject
Project("{2150E333-8FDC-42A3-9474-1A3956D46DE8}") = "Backend", "Backend", "{3AABED56-320C-45C9-8455-115D18AD6718}"
EndProject
Project("{2150E333-8FDC-42A3-9474-1A3956D46DE8}") = "Shared", "Shared", "{16A12D57-5F24-415C-92A2-82DCD13E6A8D}"
EndProject
Project("{FAE04EC0-301F-11D3-BF4B-00C04F79EFBC}") = "PetPartner.Infrastructure", "src\Backend\PetPartner.Infrastructure\PetPartner.Infrastructure.csproj", "{34884926-B68A-45A7-8B9C-CEE44582D15A}"
EndProject
Project("{FAE04EC0-301F-11D3-BF4B-00C04F79EFBC}") = "PetPartner.Application", "src\Backend\PetPartner.Application\PetPartner.Application.csproj", "{5C691C70-4F14-4F6D-97A6-4295DA9F179C}"
EndProject
Project("{FAE04EC0-301F-11D3-BF4B-00C04F79EFBC}") = "PetPartner.Api", "src\Backend\PetPartner.Api\PetPartner.Api.csproj", "{FED6CC34-CEEB-4222-B398-B3F1A578576B}"
EndProject
Project("{FAE04EC0-301F-11D3-BF4B-00C04F79EFBC}") = "PetPartner.Communication", "src\Shared\PetPartner.Communication\PetPartner.Communication.csproj", "{2A0302F8-8EA9-4929-AC92-1B5EB9EA2FF7}"
EndProject
Project("{FAE04EC0-301F-11D3-BF4B-00C04F79EFBC}") = "PetPartner.Exceptions", "src\Shared\PetPartner.Exceptions\PetPartner.Exceptions.csproj", "{22B45008-D1D1-49BB-B595-661E251267DD}"
EndProject
Project("{2150E333-8FDC-42A3-9474-1A3956D46DE8}") = "tests", "tests", "{DA88F7E6-DCE1-4F2B-8D76-8ECCBD2D56B1}"
EndProject
Project("{FAE04EC0-301F-11D3-BF4B-00C04F79EFBC}") = "Validators.Test", "tests\Validators.Test\Validators.Test.csproj", "{62E94C83-96A7-44A5-A8FD-12AE28B70FA9}"
EndProject
Project("{FAE04EC0-301F-11D3-BF4B-00C04F79EFBC}") = "CommonTestUtilities", "tests\CommonTestUtilities\CommonTestUtilities.csproj", "{8844F1B6-3B57-4416-8124-9B2A0D57AA5F}"
EndProject
Global
	GlobalSection(SolutionConfigurationPlatforms) = preSolution
		Debug|Any CPU = Debug|Any CPU
		Release|Any CPU = Release|Any CPU
	EndGlobalSection
	GlobalSection(ProjectConfigurationPlatforms) = postSolution
		{F1E49D8B-CA8F-4601-A224-5474DCB1899D}.Debug|Any CPU.ActiveCfg = Debug|Any CPU
		{F1E49D8B-CA8F-4601-A224-5474DCB1899D}.Debug|Any CPU.Build.0 = Debug|Any CPU
		{F1E49D8B-CA8F-4601-A224-5474DCB1899D}.Release|Any CPU.ActiveCfg = Release|Any CPU
		{F1E49D8B-CA8F-4601-A224-5474DCB1899D}.Release|Any CPU.Build.0 = Release|Any CPU
		{34884926-B68A-45A7-8B9C-CEE44582D15A}.Debug|Any CPU.ActiveCfg = Debug|Any CPU
		{34884926-B68A-45A7-8B9C-CEE44582D15A}.Debug|Any CPU.Build.0 = Debug|Any CPU
		{34884926-B68A-45A7-8B9C-CEE44582D15A}.Release|Any CPU.ActiveCfg = Release|Any CPU
		{34884926-B68A-45A7-8B9C-CEE44582D15A}.Release|Any CPU.Build.0 = Release|Any CPU
		{5C691C70-4F14-4F6D-97A6-4295DA9F179C}.Debug|Any CPU.ActiveCfg = Debug|Any CPU
		{5C691C70-4F14-4F6D-97A6-4295DA9F179C}.Debug|Any CPU.Build.0 = Debug|Any CPU
		{5C691C70-4F14-4F6D-97A6-4295DA9F179C}.Release|Any CPU.ActiveCfg = Release|Any CPU
		{5C691C70-4F14-4F6D-97A6-4295DA9F179C}.Release|Any CPU.Build.0 = Release|Any CPU
		{FED6CC34-CEEB-4222-B398-B3F1A578576B}.Debug|Any CPU.ActiveCfg = Debug|Any CPU
		{FED6CC34-CEEB-4222-B398-B3F1A578576B}.Debug|Any CPU.Build.0 = Debug|Any CPU
		{FED6CC34-CEEB-4222-B398-B3F1A578576B}.Release|Any CPU.ActiveCfg = Release|Any CPU
		{FED6CC34-CEEB-4222-B398-B3F1A578576B}.Release|Any CPU.Build.0 = Release|Any CPU
		{2A0302F8-8EA9-4929-AC92-1B5EB9EA2FF7}.Debug|Any CPU.ActiveCfg = Debug|Any CPU
		{2A0302F8-8EA9-4929-AC92-1B5EB9EA2FF7}.Debug|Any CPU.Build.0 = Debug|Any CPU
		{2A0302F8-8EA9-4929-AC92-1B5EB9EA2FF7}.Release|Any CPU.ActiveCfg = Release|Any CPU
		{2A0302F8-8EA9-4929-AC92-1B5EB9EA2FF7}.Release|Any CPU.Build.0 = Release|Any CPU
		{22B45008-D1D1-49BB-B595-661E251267DD}.Debug|Any CPU.ActiveCfg = Debug|Any CPU
		{22B45008-D1D1-49BB-B595-661E251267DD}.Debug|Any CPU.Build.0 = Debug|Any CPU
		{22B45008-D1D1-49BB-B595-661E251267DD}.Release|Any CPU.ActiveCfg = Release|Any CPU
		{22B45008-D1D1-49BB-B595-661E251267DD}.Release|Any CPU.Build.0 = Release|Any CPU
		{62E94C83-96A7-44A5-A8FD-12AE28B70FA9}.Debug|Any CPU.ActiveCfg = Debug|Any CPU
		{62E94C83-96A7-44A5-A8FD-12AE28B70FA9}.Debug|Any CPU.Build.0 = Debug|Any CPU
		{62E94C83-96A7-44A5-A8FD-12AE28B70FA9}.Release|Any CPU.ActiveCfg = Release|Any CPU
		{62E94C83-96A7-44A5-A8FD-12AE28B70FA9}.Release|Any CPU.Build.0 = Release|Any CPU
		{8844F1B6-3B57-4416-8124-9B2A0D57AA5F}.Debug|Any CPU.ActiveCfg = Debug|Any CPU
		{8844F1B6-3B57-4416-8124-9B2A0D57AA5F}.Debug|Any CPU.Build.0 = Debug|Any CPU
		{8844F1B6-3B57-4416-8124-9B2A0D57AA5F}.Release|Any CPU.ActiveCfg = Release|Any CPU
		{8844F1B6-3B57-4416-8124-9B2A0D57AA5F}.Release|Any CPU.Build.0 = Release|Any CPU
	EndGlobalSection
	GlobalSection(SolutionProperties) = preSolution
		HideSolutionNode = FALSE
	EndGlobalSection
	GlobalSection(NestedProjects) = preSolution
		{F1E49D8B-CA8F-4601-A224-5474DCB1899D} = {3AABED56-320C-45C9-8455-115D18AD6718}
		{3AABED56-320C-45C9-8455-115D18AD6718} = {02EA681E-C7D8-13C7-8484-4AC65E1B71E8}
		{16A12D57-5F24-415C-92A2-82DCD13E6A8D} = {02EA681E-C7D8-13C7-8484-4AC65E1B71E8}
		{34884926-B68A-45A7-8B9C-CEE44582D15A} = {3AABED56-320C-45C9-8455-115D18AD6718}
		{5C691C70-4F14-4F6D-97A6-4295DA9F179C} = {3AABED56-320C-45C9-8455-115D18AD6718}
		{FED6CC34-CEEB-4222-B398-B3F1A578576B} = {3AABED56-320C-45C9-8455-115D18AD6718}
		{2A0302F8-8EA9-4929-AC92-1B5EB9EA2FF7} = {16A12D57-5F24-415C-92A2-82DCD13E6A8D}
		{22B45008-D1D1-49BB-B595-661E251267DD} = {16A12D57-5F24-415C-92A2-82DCD13E6A8D}
		{62E94C83-96A7-44A5-A8FD-12AE28B70FA9} = {DA88F7E6-DCE1-4F2B-8D76-8ECCBD2D56B1}
		{8844F1B6-3B57-4416-8124-9B2A0D57AA5F} = {DA88F7E6-DCE1-4F2B-8D76-8ECCBD2D56B1}
	EndGlobalSection
	GlobalSection(ExtensibilityGlobals) = postSolution
		SolutionGuid = {4A1E53BC-5EB5-4226-AA5D-D4CA6A14208E}
	EndGlobalSection
EndGlobal
